
Microsoft Visual Studio Solution File, Format Version 12.00
# Visual Studio Version 16
VisualStudioVersion = 16.6.30114.105
MinimumVisualStudioVersion = 10.0.40219.1
Project("{FAE04EC0-301F-11D3-BF4B-00C04F79EFBC}") = "API", "API\API.csproj", "{2A3C8315-BD1C-4AC6-8C4E-7D75B8BBA837}"
EndProject
Project("{FAE04EC0-301F-11D3-BF4B-00C04F79EFBC}") = "Application", "Application\Application.csproj", "{787EE061-33C3-49D7-865C-277C3877AFFA}"
EndProject
Project("{FAE04EC0-301F-11D3-BF4B-00C04F79EFBC}") = "Domain", "Domain\Domain.csproj", "{FF15C812-34E7-41C6-833D-5F40B6C0099D}"
EndProject
Project("{FAE04EC0-301F-11D3-BF4B-00C04F79EFBC}") = "Persistance", "Persistance\Persistance.csproj", "{D7166EE3-5E75-4706-9FFB-CEFC397DFE87}"
EndProject
Global
	GlobalSection(SolutionConfigurationPlatforms) = preSolution
		Debug|Any CPU = Debug|Any CPU
		Debug|x64 = Debug|x64
		Debug|x86 = Debug|x86
		Release|Any CPU = Release|Any CPU
		Release|x64 = Release|x64
		Release|x86 = Release|x86
	EndGlobalSection
	GlobalSection(SolutionProperties) = preSolution
		HideSolutionNode = FALSE
	EndGlobalSection
	GlobalSection(ProjectConfigurationPlatforms) = postSolution
		{2A3C8315-BD1C-4AC6-8C4E-7D75B8BBA837}.Debug|Any CPU.ActiveCfg = Debug|Any CPU
		{2A3C8315-BD1C-4AC6-8C4E-7D75B8BBA837}.Debug|Any CPU.Build.0 = Debug|Any CPU
		{2A3C8315-BD1C-4AC6-8C4E-7D75B8BBA837}.Debug|x64.ActiveCfg = Debug|Any CPU
		{2A3C8315-BD1C-4AC6-8C4E-7D75B8BBA837}.Debug|x64.Build.0 = Debug|Any CPU
		{2A3C8315-BD1C-4AC6-8C4E-7D75B8BBA837}.Debug|x86.ActiveCfg = Debug|Any CPU
		{2A3C8315-BD1C-4AC6-8C4E-7D75B8BBA837}.Debug|x86.Build.0 = Debug|Any CPU
		{2A3C8315-BD1C-4AC6-8C4E-7D75B8BBA837}.Release|Any CPU.ActiveCfg = Release|Any CPU
		{2A3C8315-BD1C-4AC6-8C4E-7D75B8BBA837}.Release|Any CPU.Build.0 = Release|Any CPU
		{2A3C8315-BD1C-4AC6-8C4E-7D75B8BBA837}.Release|x64.ActiveCfg = Release|Any CPU
		{2A3C8315-BD1C-4AC6-8C4E-7D75B8BBA837}.Release|x64.Build.0 = Release|Any CPU
		{2A3C8315-BD1C-4AC6-8C4E-7D75B8BBA837}.Release|x86.ActiveCfg = Release|Any CPU
		{2A3C8315-BD1C-4AC6-8C4E-7D75B8BBA837}.Release|x86.Build.0 = Release|Any CPU
		{787EE061-33C3-49D7-865C-277C3877AFFA}.Debug|Any CPU.ActiveCfg = Debug|Any CPU
		{787EE061-33C3-49D7-865C-277C3877AFFA}.Debug|Any CPU.Build.0 = Debug|Any CPU
		{787EE061-33C3-49D7-865C-277C3877AFFA}.Debug|x64.ActiveCfg = Debug|Any CPU
		{787EE061-33C3-49D7-865C-277C3877AFFA}.Debug|x64.Build.0 = Debug|Any CPU
		{787EE061-33C3-49D7-865C-277C3877AFFA}.Debug|x86.ActiveCfg = Debug|Any CPU
		{787EE061-33C3-49D7-865C-277C3877AFFA}.Debug|x86.Build.0 = Debug|Any CPU
		{787EE061-33C3-49D7-865C-277C3877AFFA}.Release|Any CPU.ActiveCfg = Release|Any CPU
		{787EE061-33C3-49D7-865C-277C3877AFFA}.Release|Any CPU.Build.0 = Release|Any CPU
		{787EE061-33C3-49D7-865C-277C3877AFFA}.Release|x64.ActiveCfg = Release|Any CPU
		{787EE061-33C3-49D7-865C-277C3877AFFA}.Release|x64.Build.0 = Release|Any CPU
		{787EE061-33C3-49D7-865C-277C3877AFFA}.Release|x86.ActiveCfg = Release|Any CPU
		{787EE061-33C3-49D7-865C-277C3877AFFA}.Release|x86.Build.0 = Release|Any CPU
		{FF15C812-34E7-41C6-833D-5F40B6C0099D}.Debug|Any CPU.ActiveCfg = Debug|Any CPU
		{FF15C812-34E7-41C6-833D-5F40B6C0099D}.Debug|Any CPU.Build.0 = Debug|Any CPU
		{FF15C812-34E7-41C6-833D-5F40B6C0099D}.Debug|x64.ActiveCfg = Debug|Any CPU
		{FF15C812-34E7-41C6-833D-5F40B6C0099D}.Debug|x64.Build.0 = Debug|Any CPU
		{FF15C812-34E7-41C6-833D-5F40B6C0099D}.Debug|x86.ActiveCfg = Debug|Any CPU
		{FF15C812-34E7-41C6-833D-5F40B6C0099D}.Debug|x86.Build.0 = Debug|Any CPU
		{FF15C812-34E7-41C6-833D-5F40B6C0099D}.Release|Any CPU.ActiveCfg = Release|Any CPU
		{FF15C812-34E7-41C6-833D-5F40B6C0099D}.Release|Any CPU.Build.0 = Release|Any CPU
		{FF15C812-34E7-41C6-833D-5F40B6C0099D}.Release|x64.ActiveCfg = Release|Any CPU
		{FF15C812-34E7-41C6-833D-5F40B6C0099D}.Release|x64.Build.0 = Release|Any CPU
		{FF15C812-34E7-41C6-833D-5F40B6C0099D}.Release|x86.ActiveCfg = Release|Any CPU
		{FF15C812-34E7-41C6-833D-5F40B6C0099D}.Release|x86.Build.0 = Release|Any CPU
		{D7166EE3-5E75-4706-9FFB-CEFC397DFE87}.Debug|Any CPU.ActiveCfg = Debug|Any CPU
		{D7166EE3-5E75-4706-9FFB-CEFC397DFE87}.Debug|Any CPU.Build.0 = Debug|Any CPU
		{D7166EE3-5E75-4706-9FFB-CEFC397DFE87}.Debug|x64.ActiveCfg = Debug|Any CPU
		{D7166EE3-5E75-4706-9FFB-CEFC397DFE87}.Debug|x64.Build.0 = Debug|Any CPU
		{D7166EE3-5E75-4706-9FFB-CEFC397DFE87}.Debug|x86.ActiveCfg = Debug|Any CPU
		{D7166EE3-5E75-4706-9FFB-CEFC397DFE87}.Debug|x86.Build.0 = Debug|Any CPU
		{D7166EE3-5E75-4706-9FFB-CEFC397DFE87}.Release|Any CPU.ActiveCfg = Release|Any CPU
		{D7166EE3-5E75-4706-9FFB-CEFC397DFE87}.Release|Any CPU.Build.0 = Release|Any CPU
		{D7166EE3-5E75-4706-9FFB-CEFC397DFE87}.Release|x64.ActiveCfg = Release|Any CPU
		{D7166EE3-5E75-4706-9FFB-CEFC397DFE87}.Release|x64.Build.0 = Release|Any CPU
		{D7166EE3-5E75-4706-9FFB-CEFC397DFE87}.Release|x86.ActiveCfg = Release|Any CPU
		{D7166EE3-5E75-4706-9FFB-CEFC397DFE87}.Release|x86.Build.0 = Release|Any CPU
	EndGlobalSection
EndGlobal
